{
  "requires": true,
  "lockfileVersion": 1,
  "dependencies": {
    "jquery": {
      "version": "3.2.1",
      "resolved": "https://registry.npmjs.org/jquery/-/jquery-3.2.1.tgz",
      "integrity": "sha1-XE2d5lKvbNCncBVKYxu6ErAVx4c="
    },
    "jquerykeyframes": {
      "version": "0.0.10",
      "resolved": "https://registry.npmjs.org/jquerykeyframes/-/jquerykeyframes-0.0.10.tgz",
      "integrity": "sha1-82ZqWKq/JxRj5GwTmcmPxj+bhLo=",
      "requires": {
        "jquery": "3.2.1",
        "prefixfree": "1.0.0"
      }
    },
    "prefixfree": {
      "version": "1.0.0",
      "resolved": "https://registry.npmjs.org/prefixfree/-/prefixfree-1.0.0.tgz",
      "integrity": "sha1-grDtu6wQfyo+LcVp1sPfQDXNeRA="
    }
  }
}
